{
    "name": "sony-sonpo-infra",
    "version": "0.0.0",
    "lockfileVersion": 3,
    "requires": true,
    "packages": {
        "": {
            "name": "sony-sonpo-infra",
            "version": "0.0.0",
            "license": "UNLICENSED",
            "dependencies": {
                "aws-cdk-lib": "^2.200.1",
                "constructs": "^10.0.5"
            },
            "devDependencies": {
                "@types/node": "^18",
                "aws-cdk": "^2.1017.1",
                "esbuild": "^0.19.8",
                "projen": "^0.77.5",
                "ts-node": "^10.9.1",
                "typescript": "~5.3.3"
            },
            "engines": {
                "node": ">= 18.0.0"
            }
        },
        "node_modules/@aws-cdk/asset-awscli-v1": {
            "version": "2.2.242",
            "license": "Apache-2.0"
        },
        "node_modules/@aws-cdk/asset-node-proxy-agent-v6": {
            "version": "2.1.0",
            "license": "Apache-2.0"
        },
        "node_modules/@aws-cdk/cloud-assembly-schema": {
            "version": "45.2.0",
            "bundleDependencies": [
                "jsonschema",
                "semver"
            ],
            "license": "Apache-2.0",
            "dependencies": {
                "jsonschema": "~1.4.1",
                "semver": "^7.7.2"
            },
            "engines": {
                "node": ">= 18.0.0"
            }
        },
        "node_modules/@aws-cdk/cloud-assembly-schema/node_modules/jsonschema": {
            "version": "1.4.1",
            "inBundle": true,
            "license": "MIT",
            "engines": {
                "node": "*"
            }
        },
        "node_modules/@aws-cdk/cloud-assembly-schema/node_modules/semver": {
            "version": "7.7.2",
            "inBundle": true,
            "license": "ISC",
            "bin": {
                "semver": "bin/semver.js"
            },
            "engines": {
                "node": ">=10"
            }
        },
        "node_modules/@cspotcode/source-map-support": {
            "version": "0.8.1",
            "dev": true,
            "license": "MIT",
            "dependencies": {
                "@jridgewell/trace-mapping": "0.3.9"
            },
            "engines": {
                "node": ">=12"
            }
        },
        "node_modules/@esbuild/linux-arm64": {
            "version": "0.19.12",
            "cpu": [
                "arm64"
            ],
            "dev": true,
            "license": "MIT",
            "optional": true,
            "os": [
                "linux"
            ],
            "engines": {
                "node": ">=12"
            }
        },
        "node_modules/@jridgewell/resolve-uri": {
            "version": "3.1.2",
            "dev": true,
            "license": "MIT",
            "engines": {
                "node": ">=6.0.0"
            }
        },
        "node_modules/@jridgewell/sourcemap-codec": {
            "version": "1.5.4",
            "dev": true,
            "license": "MIT"
        },
        "node_modules/@jridgewell/trace-mapping": {
            "version": "0.3.9",
            "dev": true,
            "license": "MIT",
            "dependencies": {
                "@jridgewell/resolve-uri": "^3.0.3",
                "@jridgewell/sourcemap-codec": "^1.4.10"
            }
        },
        "node_modules/@tsconfig/node10": {
            "version": "1.0.11",
            "dev": true,
            "license": "MIT"
        },
        "node_modules/@tsconfig/node12": {
            "version": "1.0.11",
            "dev": true,
            "license": "MIT"
        },
        "node_modules/@tsconfig/node14": {
            "version": "1.0.3",
            "dev": true,
            "license": "MIT"
        },
        "node_modules/@tsconfig/node16": {
            "version": "1.0.4",
            "dev": true,
            "license": "MIT"
        },
        "node_modules/@types/node": {
            "version": "18.19.121",
            "dev": true,
            "license": "MIT",
            "dependencies": {
                "undici-types": "~5.26.4"
            }
        },
        "node_modules/acorn": {
            "version": "8.15.0",
            "dev": true,
            "license": "MIT",
            "bin": {
                "acorn": "bin/acorn"
            },
            "engines": {
                "node": ">=0.4.0"
            }
        },
        "node_modules/acorn-walk": {
            "version": "8.3.4",
            "dev": true,
            "license": "MIT",
            "dependencies": {
                "acorn": "^8.11.0"
            },
            "engines": {
                "node": ">=0.4.0"
            }
        },
        "node_modules/arg": {
            "version": "4.1.3",
            "dev": true,
            "license": "MIT"
        },
        "node_modules/aws-cdk": {
            "version": "2.1022.0",
            "dev": true,
            "license": "Apache-2.0",
            "bin": {
                "cdk": "bin/cdk"
            },
            "engines": {
                "node": ">= 18.0.0"
            },
            "optionalDependencies": {
                "fsevents": "2.3.2"
            }
        },
        "node_modules/aws-cdk-lib": {
            "version": "2.207.0",
            "bundleDependencies": [
                "@balena/dockerignore",
                "case",
                "fs-extra",
                "ignore",
                "jsonschema",
                "minimatch",
                "punycode",
                "semver",
                "table",
                "yaml",
                "mime-types"
            ],
            "license": "Apache-2.0",
            "dependencies": {
                "@aws-cdk/asset-awscli-v1": "2.2.242",
                "@aws-cdk/asset-node-proxy-agent-v6": "^2.1.0",
                "@aws-cdk/cloud-assembly-schema": "^45.0.0",
                "@balena/dockerignore": "^1.0.2",
                "case": "1.6.3",
                "fs-extra": "^11.3.0",
                "ignore": "^5.3.2",
                "jsonschema": "^1.5.0",
                "mime-types": "^2.1.35",
                "minimatch": "^3.1.2",
                "punycode": "^2.3.1",
                "semver": "^7.7.2",
                "table": "^6.9.0",
                "yaml": "1.10.2"
            },
            "engines": {
                "node": ">= 14.15.0"
            },
            "peerDependencies": {
                "constructs": "^10.0.0"
            }
        },
        "node_modules/aws-cdk-lib/node_modules/@balena/dockerignore": {
            "version": "1.0.2",
            "inBundle": true,
            "license": "Apache-2.0"
        },
        "node_modules/aws-cdk-lib/node_modules/ajv": {
            "version": "8.17.1",
            "inBundle": true,
            "license": "MIT",
            "dependencies": {
                "fast-deep-equal": "^3.1.3",
                "fast-uri": "^3.0.1",
                "json-schema-traverse": "^1.0.0",
                "require-from-string": "^2.0.2"
            },
            "funding": {
                "type": "github",
                "url": "https://github.com/sponsors/epoberezkin"
            }
        },
        "node_modules/aws-cdk-lib/node_modules/ansi-regex": {
            "version": "5.0.1",
            "inBundle": true,
            "license": "MIT",
            "engines": {
                "node": ">=8"
            }
        },
        "node_modules/aws-cdk-lib/node_modules/ansi-styles": {
            "version": "4.3.0",
            "inBundle": true,
            "license": "MIT",
            "dependencies": {
                "color-convert": "^2.0.1"
            },
            "engines": {
                "node": ">=8"
            },
            "funding": {
                "url": "https://github.com/chalk/ansi-styles?sponsor=1"
            }
        },
        "node_modules/aws-cdk-lib/node_modules/astral-regex": {
            "version": "2.0.0",
            "inBundle": true,
            "license": "MIT",
            "engines": {
                "node": ">=8"
            }
        },
        "node_modules/aws-cdk-lib/node_modules/balanced-match": {
            "version": "1.0.2",
            "inBundle": true,
            "license": "MIT"
        },
        "node_modules/aws-cdk-lib/node_modules/brace-expansion": {
            "version": "1.1.12",
            "inBundle": true,
            "license": "MIT",
            "dependencies": {
                "balanced-match": "^1.0.0",
                "concat-map": "0.0.1"
            }
        },
        "node_modules/aws-cdk-lib/node_modules/case": {
            "version": "1.6.3",
            "inBundle": true,
            "license": "(MIT OR GPL-3.0-or-later)",
            "engines": {
                "node": ">= 0.8.0"
            }
        },
        "node_modules/aws-cdk-lib/node_modules/color-convert": {
            "version": "2.0.1",
            "inBundle": true,
            "license": "MIT",
            "dependencies": {
                "color-name": "~1.1.4"
            },
            "engines": {
                "node": ">=7.0.0"
            }
        },
        "node_modules/aws-cdk-lib/node_modules/color-name": {
            "version": "1.1.4",
            "inBundle": true,
            "license": "MIT"
        },
        "node_modules/aws-cdk-lib/node_modules/concat-map": {
            "version": "0.0.1",
            "inBundle": true,
            "license": "MIT"
        },
        "node_modules/aws-cdk-lib/node_modules/emoji-regex": {
            "version": "8.0.0",
            "inBundle": true,
            "license": "MIT"
        },
        "node_modules/aws-cdk-lib/node_modules/fast-deep-equal": {
            "version": "3.1.3",
            "inBundle": true,
            "license": "MIT"
        },
        "node_modules/aws-cdk-lib/node_modules/fast-uri": {
            "version": "3.0.6",
            "funding": [
                {
                    "type": "github",
                    "url": "https://github.com/sponsors/fastify"
                },
                {
                    "type": "opencollective",
                    "url": "https://opencollective.com/fastify"
                }
            ],
            "inBundle": true,
            "license": "BSD-3-Clause"
        },
        "node_modules/aws-cdk-lib/node_modules/fs-extra": {
            "version": "11.3.0",
            "inBundle": true,
            "license": "MIT",
            "dependencies": {
                "graceful-fs": "^4.2.0",
                "jsonfile": "^6.0.1",
                "universalify": "^2.0.0"
            },
            "engines": {
                "node": ">=14.14"
            }
        },
        "node_modules/aws-cdk-lib/node_modules/graceful-fs": {
            "version": "4.2.11",
            "inBundle": true,
            "license": "ISC"
        },
        "node_modules/aws-cdk-lib/node_modules/ignore": {
            "version": "5.3.2",
            "inBundle": true,
            "license": "MIT",
            "engines": {
                "node": ">= 4"
            }
        },
        "node_modules/aws-cdk-lib/node_modules/is-fullwidth-code-point": {
            "version": "3.0.0",
            "inBundle": true,
            "license": "MIT",
            "engines": {
                "node": ">=8"
            }
        },
        "node_modules/aws-cdk-lib/node_modules/json-schema-traverse": {
            "version": "1.0.0",
            "inBundle": true,
            "license": "MIT"
        },
        "node_modules/aws-cdk-lib/node_modules/jsonfile": {
            "version": "6.1.0",
            "inBundle": true,
            "license": "MIT",
            "dependencies": {
                "universalify": "^2.0.0"
            },
            "optionalDependencies": {
                "graceful-fs": "^4.1.6"
            }
        },
        "node_modules/aws-cdk-lib/node_modules/jsonschema": {
            "version": "1.5.0",
            "inBundle": true,
            "license": "MIT",
            "engines": {
                "node": "*"
            }
        },
        "node_modules/aws-cdk-lib/node_modules/lodash.truncate": {
            "version": "4.4.2",
            "inBundle": true,
            "license": "MIT"
        },
        "node_modules/aws-cdk-lib/node_modules/mime-db": {
            "version": "1.52.0",
            "inBundle": true,
            "license": "MIT",
            "engines": {
                "node": ">= 0.6"
            }
        },
        "node_modules/aws-cdk-lib/node_modules/mime-types": {
            "version": "2.1.35",
            "inBundle": true,
            "license": "MIT",
            "dependencies": {
                "mime-db": "1.52.0"
            },
            "engines": {
                "node": ">= 0.6"
            }
        },
        "node_modules/aws-cdk-lib/node_modules/minimatch": {
            "version": "3.1.2",
            "inBundle": true,
            "license": "ISC",
            "dependencies": {
                "brace-expansion": "^1.1.7"
            },
            "engines": {
                "node": "*"
            }
        },
        "node_modules/aws-cdk-lib/node_modules/punycode": {
            "version": "2.3.1",
            "inBundle": true,
            "license": "MIT",
            "engines": {
                "node": ">=6"
            }
        },
        "node_modules/aws-cdk-lib/node_modules/require-from-string": {
            "version": "2.0.2",
            "inBundle": true,
            "license": "MIT",
            "engines": {
                "node": ">=0.10.0"
            }
        },
        "node_modules/aws-cdk-lib/node_modules/semver": {
            "version": "7.7.2",
            "inBundle": true,
            "license": "ISC",
            "bin": {
                "semver": "bin/semver.js"
            },
            "engines": {
                "node": ">=10"
            }
        },
        "node_modules/aws-cdk-lib/node_modules/slice-ansi": {
            "version": "4.0.0",
            "inBundle": true,
            "license": "MIT",
            "dependencies": {
                "ansi-styles": "^4.0.0",
                "astral-regex": "^2.0.0",
                "is-fullwidth-code-point": "^3.0.0"
            },
            "engines": {
                "node": ">=10"
            },
            "funding": {
                "url": "https://github.com/chalk/slice-ansi?sponsor=1"
            }
        },
        "node_modules/aws-cdk-lib/node_modules/string-width": {
            "version": "4.2.3",
            "inBundle": true,
            "license": "MIT",
            "dependencies": {
                "emoji-regex": "^8.0.0",
                "is-fullwidth-code-point": "^3.0.0",
                "strip-ansi": "^6.0.1"
            },
            "engines": {
                "node": ">=8"
            }
        },
        "node_modules/aws-cdk-lib/node_modules/strip-ansi": {
            "version": "6.0.1",
            "inBundle": true,
            "license": "MIT",
            "dependencies": {
                "ansi-regex": "^5.0.1"
            },
            "engines": {
                "node": ">=8"
            }
        },
        "node_modules/aws-cdk-lib/node_modules/table": {
            "version": "6.9.0",
            "inBundle": true,
            "license": "BSD-3-Clause",
            "dependencies": {
                "ajv": "^8.0.1",
                "lodash.truncate": "^4.4.2",
                "slice-ansi": "^4.0.0",
                "string-width": "^4.2.3",
                "strip-ansi": "^6.0.1"
            },
            "engines": {
                "node": ">=10.0.0"
            }
        },
        "node_modules/aws-cdk-lib/node_modules/universalify": {
            "version": "2.0.1",
            "inBundle": true,
            "license": "MIT",
            "engines": {
                "node": ">= 10.0.0"
            }
        },
        "node_modules/aws-cdk-lib/node_modules/yaml": {
            "version": "1.10.2",
            "inBundle": true,
            "license": "ISC",
            "engines": {
                "node": ">= 6"
            }
        },
        "node_modules/constructs": {
            "version": "10.4.2",
            "license": "Apache-2.0"
        },
        "node_modules/create-require": {
            "version": "1.1.1",
            "dev": true,
            "license": "MIT"
        },
        "node_modules/diff": {
            "version": "4.0.2",
            "dev": true,
            "license": "BSD-3-Clause",
            "engines": {
                "node": ">=0.3.1"
            }
        },
        "node_modules/esbuild": {
            "version": "0.19.12",
            "dev": true,
            "hasInstallScript": true,
            "license": "MIT",
            "bin": {
                "esbuild": "bin/esbuild"
            },
            "engines": {
                "node": ">=12"
            },
            "optionalDependencies": {
                "@esbuild/aix-ppc64": "0.19.12",
                "@esbuild/android-arm": "0.19.12",
                "@esbuild/android-arm64": "0.19.12",
                "@esbuild/android-x64": "0.19.12",
                "@esbuild/darwin-arm64": "0.19.12",
                "@esbuild/darwin-x64": "0.19.12",
                "@esbuild/freebsd-arm64": "0.19.12",
                "@esbuild/freebsd-x64": "0.19.12",
                "@esbuild/linux-arm": "0.19.12",
                "@esbuild/linux-arm64": "0.19.12",
                "@esbuild/linux-ia32": "0.19.12",
                "@esbuild/linux-loong64": "0.19.12",
                "@esbuild/linux-mips64el": "0.19.12",
                "@esbuild/linux-ppc64": "0.19.12",
                "@esbuild/linux-riscv64": "0.19.12",
                "@esbuild/linux-s390x": "0.19.12",
                "@esbuild/linux-x64": "0.19.12",
                "@esbuild/netbsd-x64": "0.19.12",
                "@esbuild/openbsd-x64": "0.19.12",
                "@esbuild/sunos-x64": "0.19.12",
                "@esbuild/win32-arm64": "0.19.12",
                "@esbuild/win32-ia32": "0.19.12",
                "@esbuild/win32-x64": "0.19.12"
            }
        },
        "node_modules/make-error": {
            "version": "1.3.6",
            "dev": true,
            "license": "ISC"
        },
        "node_modules/projen": {
            "version": "0.77.6",
            "bundleDependencies": [
                "@iarna/toml",
                "case",
                "chalk",
                "comment-json",
                "conventional-changelog-config-spec",
                "fast-json-patch",
                "glob",
                "ini",
                "semver",
                "shx",
                "xmlbuilder2",
                "yaml",
                "yargs"
            ],
            "dev": true,
            "license": "Apache-2.0",
            "dependencies": {
                "@iarna/toml": "^2.2.5",
                "case": "^1.6.3",
                "chalk": "^4.1.2",
                "comment-json": "4.2.2",
                "constructs": "^10.0.0",
                "conventional-changelog-config-spec": "^2.1.0",
                "fast-json-patch": "^3.1.1",
                "glob": "^8",
                "ini": "^2.0.0",
                "semver": "^7.5.4",
                "shx": "^0.3.4",
                "xmlbuilder2": "^3.1.1",
                "yaml": "^2.2.2",
                "yargs": "^17.7.2"
            },
            "bin": {
                "projen": "bin/projen"
            },
            "engines": {
                "node": ">= 16.0.0"
            },
            "peerDependencies": {
                "constructs": "^10.0.0"
            }
        },
        "node_modules/projen/node_modules/@iarna/toml": {
            "version": "2.2.5",
            "dev": true,
            "inBundle": true,
            "license": "ISC"
        },
        "node_modules/projen/node_modules/@oozcitak/dom": {
            "version": "1.15.10",
            "dev": true,
            "inBundle": true,
            "license": "MIT",
            "dependencies": {
                "@oozcitak/infra": "1.0.8",
                "@oozcitak/url": "1.0.4",
                "@oozcitak/util": "8.3.8"
            },
            "engines": {
                "node": ">=8.0"
            }
        },
        "node_modules/projen/node_modules/@oozcitak/infra": {
            "version": "1.0.8",
            "dev": true,
            "inBundle": true,
            "license": "MIT",
            "dependencies": {
                "@oozcitak/util": "8.3.8"
            },
            "engines": {
                "node": ">=6.0"
            }
        },
        "node_modules/projen/node_modules/@oozcitak/url": {
            "version": "1.0.4",
            "dev": true,
            "inBundle": true,
            "license": "MIT",
            "dependencies": {
                "@oozcitak/infra": "1.0.8",
                "@oozcitak/util": "8.3.8"
            },
            "engines": {
                "node": ">=8.0"
            }
        },
        "node_modules/projen/node_modules/@oozcitak/util": {
            "version": "8.3.8",
            "dev": true,
            "inBundle": true,
            "license": "MIT",
            "engines": {
                "node": ">=8.0"
            }
        },
        "node_modules/projen/node_modules/ansi-regex": {
            "version": "5.0.1",
            "dev": true,
            "inBundle": true,
            "license": "MIT",
            "engines": {
                "node": ">=8"
            }
        },
        "node_modules/projen/node_modules/ansi-styles": {
            "version": "4.3.0",
            "dev": true,
            "inBundle": true,
            "license": "MIT",
            "dependencies": {
                "color-convert": "^2.0.1"
            },
            "engines": {
                "node": ">=8"
            },
            "funding": {
                "url": "https://github.com/chalk/ansi-styles?sponsor=1"
            }
        },
        "node_modules/projen/node_modules/argparse": {
            "version": "1.0.10",
            "dev": true,
            "inBundle": true,
            "license": "MIT",
            "dependencies": {
                "sprintf-js": "~1.0.2"
            }
        },
        "node_modules/projen/node_modules/array-timsort": {
            "version": "1.0.3",
            "dev": true,
            "inBundle": true,
            "license": "MIT"
        },
        "node_modules/projen/node_modules/balanced-match": {
            "version": "1.0.2",
            "dev": true,
            "inBundle": true,
            "license": "MIT"
        },
        "node_modules/projen/node_modules/brace-expansion": {
            "version": "1.1.11",
            "dev": true,
            "inBundle": true,
            "license": "MIT",
            "dependencies": {
                "balanced-match": "^1.0.0",
                "concat-map": "0.0.1"
            }
        },
        "node_modules/projen/node_modules/case": {
            "version": "1.6.3",
            "dev": true,
            "inBundle": true,
            "license": "(MIT OR GPL-3.0-or-later)",
            "engines": {
                "node": ">= 0.8.0"
            }
        },
        "node_modules/projen/node_modules/chalk": {
            "version": "4.1.2",
            "dev": true,
            "inBundle": true,
            "license": "MIT",
            "dependencies": {
                "ansi-styles": "^4.1.0",
                "supports-color": "^7.1.0"
            },
            "engines": {
                "node": ">=10"
            },
            "funding": {
                "url": "https://github.com/chalk/chalk?sponsor=1"
            }
        },
        "node_modules/projen/node_modules/cliui": {
            "version": "8.0.1",
            "dev": true,
            "inBundle": true,
            "license": "ISC",
            "dependencies": {
                "string-width": "^4.2.0",
                "strip-ansi": "^6.0.1",
                "wrap-ansi": "^7.0.0"
            },
            "engines": {
                "node": ">=12"
            }
        },
        "node_modules/projen/node_modules/color-convert": {
            "version": "2.0.1",
            "dev": true,
            "inBundle": true,
            "license": "MIT",
            "dependencies": {
                "color-name": "~1.1.4"
            },
            "engines": {
                "node": ">=7.0.0"
            }
        },
        "node_modules/projen/node_modules/color-name": {
            "version": "1.1.4",
            "dev": true,
            "inBundle": true,
            "license": "MIT"
        },
        "node_modules/projen/node_modules/comment-json": {
            "version": "4.2.2",
            "dev": true,
            "inBundle": true,
            "license": "MIT",
            "dependencies": {
                "array-timsort": "^1.0.3",
                "core-util-is": "^1.0.3",
                "esprima": "^4.0.1",
                "has-own-prop": "^2.0.0",
                "repeat-string": "^1.6.1"
            },
            "engines": {
                "node": ">= 6"
            }
        },
        "node_modules/projen/node_modules/concat-map": {
            "version": "0.0.1",
            "dev": true,
            "inBundle": true,
            "license": "MIT"
        },
        "node_modules/projen/node_modules/conventional-changelog-config-spec": {
            "version": "2.1.0",
            "dev": true,
            "inBundle": true,
            "license": "MIT"
        },
        "node_modules/projen/node_modules/core-util-is": {
            "version": "1.0.3",
            "dev": true,
            "inBundle": true,
            "license": "MIT"
        },
        "node_modules/projen/node_modules/emoji-regex": {
            "version": "8.0.0",
            "dev": true,
            "inBundle": true,
            "license": "MIT"
        },
        "node_modules/projen/node_modules/escalade": {
            "version": "3.1.1",
            "dev": true,
            "inBundle": true,
            "license": "MIT",
            "engines": {
                "node": ">=6"
            }
        },
        "node_modules/projen/node_modules/esprima": {
            "version": "4.0.1",
            "dev": true,
            "inBundle": true,
            "license": "BSD-2-Clause",
            "bin": {
                "esparse": "bin/esparse.js",
                "esvalidate": "bin/esvalidate.js"
            },
            "engines": {
                "node": ">=4"
            }
        },
        "node_modules/projen/node_modules/fast-json-patch": {
            "version": "3.1.1",
            "dev": true,
            "inBundle": true,
            "license": "MIT"
        },
        "node_modules/projen/node_modules/fs.realpath": {
            "version": "1.0.0",
            "dev": true,
            "inBundle": true,
            "license": "ISC"
        },
        "node_modules/projen/node_modules/function-bind": {
            "version": "1.1.2",
            "dev": true,
            "inBundle": true,
            "license": "MIT",
            "funding": {
                "url": "https://github.com/sponsors/ljharb"
            }
        },
        "node_modules/projen/node_modules/get-caller-file": {
            "version": "2.0.5",
            "dev": true,
            "inBundle": true,
            "license": "ISC",
            "engines": {
                "node": "6.* || 8.* || >= 10.*"
            }
        },
        "node_modules/projen/node_modules/glob": {
            "version": "8.1.0",
            "dev": true,
            "inBundle": true,
            "license": "ISC",
            "dependencies": {
                "fs.realpath": "^1.0.0",
                "inflight": "^1.0.4",
                "inherits": "2",
                "minimatch": "^5.0.1",
                "once": "^1.3.0"
            },
            "engines": {
                "node": ">=12"
            },
            "funding": {
                "url": "https://github.com/sponsors/isaacs"
            }
        },
        "node_modules/projen/node_modules/glob/node_modules/brace-expansion": {
            "version": "2.0.1",
            "dev": true,
            "inBundle": true,
            "license": "MIT",
            "dependencies": {
                "balanced-match": "^1.0.0"
            }
        },
        "node_modules/projen/node_modules/glob/node_modules/minimatch": {
            "version": "5.1.6",
            "dev": true,
            "inBundle": true,
            "license": "ISC",
            "dependencies": {
                "brace-expansion": "^2.0.1"
            },
            "engines": {
                "node": ">=10"
            }
        },
        "node_modules/projen/node_modules/has-flag": {
            "version": "4.0.0",
            "dev": true,
            "inBundle": true,
            "license": "MIT",
            "engines": {
                "node": ">=8"
            }
        },
        "node_modules/projen/node_modules/has-own-prop": {
            "version": "2.0.0",
            "dev": true,
            "inBundle": true,
            "license": "MIT",
            "engines": {
                "node": ">=8"
            }
        },
        "node_modules/projen/node_modules/hasown": {
            "version": "2.0.0",
            "dev": true,
            "inBundle": true,
            "license": "MIT",
            "dependencies": {
                "function-bind": "^1.1.2"
            },
            "engines": {
                "node": ">= 0.4"
            }
        },
        "node_modules/projen/node_modules/inflight": {
            "version": "1.0.6",
            "dev": true,
            "inBundle": true,
            "license": "ISC",
            "dependencies": {
                "once": "^1.3.0",
                "wrappy": "1"
            }
        },
        "node_modules/projen/node_modules/inherits": {
            "version": "2.0.4",
            "dev": true,
            "inBundle": true,
            "license": "ISC"
        },
        "node_modules/projen/node_modules/ini": {
            "version": "2.0.0",
            "dev": true,
            "inBundle": true,
            "license": "ISC",
            "engines": {
                "node": ">=10"
            }
        },
        "node_modules/projen/node_modules/interpret": {
            "version": "1.4.0",
            "dev": true,
            "inBundle": true,
            "license": "MIT",
            "engines": {
                "node": ">= 0.10"
            }
        },
        "node_modules/projen/node_modules/is-core-module": {
            "version": "2.13.1",
            "dev": true,
            "inBundle": true,
            "license": "MIT",
            "dependencies": {
                "hasown": "^2.0.0"
            },
            "funding": {
                "url": "https://github.com/sponsors/ljharb"
            }
        },
        "node_modules/projen/node_modules/is-fullwidth-code-point": {
            "version": "3.0.0",
            "dev": true,
            "inBundle": true,
            "license": "MIT",
            "engines": {
                "node": ">=8"
            }
        },
        "node_modules/projen/node_modules/js-yaml": {
            "version": "3.14.1",
            "dev": true,
            "inBundle": true,
            "license": "MIT",
            "dependencies": {
                "argparse": "^1.0.7",
                "esprima": "^4.0.0"
            },
            "bin": {
                "js-yaml": "bin/js-yaml.js"
            }
        },
        "node_modules/projen/node_modules/lru-cache": {
            "version": "6.0.0",
            "dev": true,
            "inBundle": true,
            "license": "ISC",
            "dependencies": {
                "yallist": "^4.0.0"
            },
            "engines": {
                "node": ">=10"
            }
        },
        "node_modules/projen/node_modules/minimatch": {
            "version": "3.1.2",
            "dev": true,
            "inBundle": true,
            "license": "ISC",
            "dependencies": {
                "brace-expansion": "^1.1.7"
            },
            "engines": {
                "node": "*"
            }
        },
        "node_modules/projen/node_modules/minimist": {
            "version": "1.2.8",
            "dev": true,
            "inBundle": true,
            "license": "MIT",
            "funding": {
                "url": "https://github.com/sponsors/ljharb"
            }
        },
        "node_modules/projen/node_modules/once": {
            "version": "1.4.0",
            "dev": true,
            "inBundle": true,
            "license": "ISC",
            "dependencies": {
                "wrappy": "1"
            }
        },
        "node_modules/projen/node_modules/path-is-absolute": {
            "version": "1.0.1",
            "dev": true,
            "inBundle": true,
            "license": "MIT",
            "engines": {
                "node": ">=0.10.0"
            }
        },
        "node_modules/projen/node_modules/path-parse": {
            "version": "1.0.7",
            "dev": true,
            "inBundle": true,
            "license": "MIT"
        },
        "node_modules/projen/node_modules/rechoir": {
            "version": "0.6.2",
            "dev": true,
            "inBundle": true,
            "dependencies": {
                "resolve": "^1.1.6"
            },
            "engines": {
                "node": ">= 0.10"
            }
        },
        "node_modules/projen/node_modules/repeat-string": {
            "version": "1.6.1",
            "dev": true,
            "inBundle": true,
            "license": "MIT",
            "engines": {
                "node": ">=0.10"
            }
        },
        "node_modules/projen/node_modules/require-directory": {
            "version": "2.1.1",
            "dev": true,
            "inBundle": true,
            "license": "MIT",
            "engines": {
                "node": ">=0.10.0"
            }
        },
        "node_modules/projen/node_modules/resolve": {
            "version": "1.22.8",
            "dev": true,
            "inBundle": true,
            "license": "MIT",
            "dependencies": {
                "is-core-module": "^2.13.0",
                "path-parse": "^1.0.7",
                "supports-preserve-symlinks-flag": "^1.0.0"
            },
            "bin": {
                "resolve": "bin/resolve"
            },
            "funding": {
                "url": "https://github.com/sponsors/ljharb"
            }
        },
        "node_modules/projen/node_modules/semver": {
            "version": "7.5.4",
            "dev": true,
            "inBundle": true,
            "license": "ISC",
            "dependencies": {
                "lru-cache": "^6.0.0"
            },
            "bin": {
                "semver": "bin/semver.js"
            },
            "engines": {
                "node": ">=10"
            }
        },
        "node_modules/projen/node_modules/shelljs": {
            "version": "0.8.5",
            "dev": true,
            "inBundle": true,
            "license": "BSD-3-Clause",
            "dependencies": {
                "glob": "^7.0.0",
                "interpret": "^1.0.0",
                "rechoir": "^0.6.2"
            },
            "bin": {
                "shjs": "bin/shjs"
            },
            "engines": {
                "node": ">=4"
            }
        },
        "node_modules/projen/node_modules/shelljs/node_modules/glob": {
            "version": "7.2.3",
            "dev": true,
            "inBundle": true,
            "license": "ISC",
            "dependencies": {
                "fs.realpath": "^1.0.0",
                "inflight": "^1.0.4",
                "inherits": "2",
                "minimatch": "^3.1.1",
                "once": "^1.3.0",
                "path-is-absolute": "^1.0.0"
            },
            "engines": {
                "node": "*"
            },
            "funding": {
                "url": "https://github.com/sponsors/isaacs"
            }
        },
        "node_modules/projen/node_modules/shx": {
            "version": "0.3.4",
            "dev": true,
            "inBundle": true,
            "license": "MIT",
            "dependencies": {
                "minimist": "^1.2.3",
                "shelljs": "^0.8.5"
            },
            "bin": {
                "shx": "lib/cli.js"
            },
            "engines": {
                "node": ">=6"
            }
        },
        "node_modules/projen/node_modules/sprintf-js": {
            "version": "1.0.3",
            "dev": true,
            "inBundle": true,
            "license": "BSD-3-Clause"
        },
        "node_modules/projen/node_modules/string-width": {
            "version": "4.2.3",
            "dev": true,
            "inBundle": true,
            "license": "MIT",
            "dependencies": {
                "emoji-regex": "^8.0.0",
                "is-fullwidth-code-point": "^3.0.0",
                "strip-ansi": "^6.0.1"
            },
            "engines": {
                "node": ">=8"
            }
        },
        "node_modules/projen/node_modules/strip-ansi": {
            "version": "6.0.1",
            "dev": true,
            "inBundle": true,
            "license": "MIT",
            "dependencies": {
                "ansi-regex": "^5.0.1"
            },
            "engines": {
                "node": ">=8"
            }
        },
        "node_modules/projen/node_modules/supports-color": {
            "version": "7.2.0",
            "dev": true,
            "inBundle": true,
            "license": "MIT",
            "dependencies": {
                "has-flag": "^4.0.0"
            },
            "engines": {
                "node": ">=8"
            }
        },
        "node_modules/projen/node_modules/supports-preserve-symlinks-flag": {
            "version": "1.0.0",
            "dev": true,
            "inBundle": true,
            "license": "MIT",
            "engines": {
                "node": ">= 0.4"
            },
            "funding": {
                "url": "https://github.com/sponsors/ljharb"
            }
        },
        "node_modules/projen/node_modules/wrap-ansi": {
            "version": "7.0.0",
            "dev": true,
            "inBundle": true,
            "license": "MIT",
            "dependencies": {
                "ansi-styles": "^4.0.0",
                "string-width": "^4.1.0",
                "strip-ansi": "^6.0.0"
            },
            "engines": {
                "node": ">=10"
            },
            "funding": {
                "url": "https://github.com/chalk/wrap-ansi?sponsor=1"
            }
        },
        "node_modules/projen/node_modules/wrappy": {
            "version": "1.0.2",
            "dev": true,
            "inBundle": true,
            "license": "ISC"
        },
        "node_modules/projen/node_modules/xmlbuilder2": {
            "version": "3.1.1",
            "dev": true,
            "inBundle": true,
            "license": "MIT",
            "dependencies": {
                "@oozcitak/dom": "1.15.10",
                "@oozcitak/infra": "1.0.8",
                "@oozcitak/util": "8.3.8",
                "js-yaml": "3.14.1"
            },
            "engines": {
                "node": ">=12.0"
            }
        },
        "node_modules/projen/node_modules/y18n": {
            "version": "5.0.8",
            "dev": true,
            "inBundle": true,
            "license": "ISC",
            "engines": {
                "node": ">=10"
            }
        },
        "node_modules/projen/node_modules/yallist": {
            "version": "4.0.0",
            "dev": true,
            "inBundle": true,
            "license": "ISC"
        },
        "node_modules/projen/node_modules/yaml": {
            "version": "2.3.4",
            "dev": true,
            "inBundle": true,
            "license": "ISC",
            "engines": {
                "node": ">= 14"
            }
        },
        "node_modules/projen/node_modules/yargs": {
            "version": "17.7.2",
            "dev": true,
            "inBundle": true,
            "license": "MIT",
            "dependencies": {
                "cliui": "^8.0.1",
                "escalade": "^3.1.1",
                "get-caller-file": "^2.0.5",
                "require-directory": "^2.1.1",
                "string-width": "^4.2.3",
                "y18n": "^5.0.5",
                "yargs-parser": "^21.1.1"
            },
            "engines": {
                "node": ">=12"
            }
        },
        "node_modules/projen/node_modules/yargs/node_modules/yargs-parser": {
            "version": "21.1.1",
            "dev": true,
            "inBundle": true,
            "license": "ISC",
            "engines": {
                "node": ">=12"
            }
        },
        "node_modules/ts-node": {
            "version": "10.9.2",
            "dev": true,
            "license": "MIT",
            "dependencies": {
                "@cspotcode/source-map-support": "^0.8.0",
                "@tsconfig/node10": "^1.0.7",
                "@tsconfig/node12": "^1.0.7",
                "@tsconfig/node14": "^1.0.0",
                "@tsconfig/node16": "^1.0.2",
                "acorn": "^8.4.1",
                "acorn-walk": "^8.1.1",
                "arg": "^4.1.0",
                "create-require": "^1.1.0",
                "diff": "^4.0.1",
                "make-error": "^1.1.1",
                "v8-compile-cache-lib": "^3.0.1",
                "yn": "3.1.1"
            },
            "bin": {
                "ts-node": "dist/bin.js",
                "ts-node-cwd": "dist/bin-cwd.js",
                "ts-node-esm": "dist/bin-esm.js",
                "ts-node-script": "dist/bin-script.js",
                "ts-node-transpile-only": "dist/bin-transpile.js",
                "ts-script": "dist/bin-script-deprecated.js"
            },
            "peerDependencies": {
                "@swc/core": ">=1.2.50",
                "@swc/wasm": ">=1.2.50",
                "@types/node": "*",
                "typescript": ">=2.7"
            },
            "peerDependenciesMeta": {
                "@swc/core": {
                    "optional": true
                },
                "@swc/wasm": {
                    "optional": true
                }
            }
        },
        "node_modules/typescript": {
            "version": "5.3.3",
            "dev": true,
            "license": "Apache-2.0",
            "bin": {
                "tsc": "bin/tsc",
                "tsserver": "bin/tsserver"
            },
            "engines": {
                "node": ">=14.17"
            }
        },
        "node_modules/undici-types": {
            "version": "5.26.5",
            "dev": true,
            "license": "MIT"
        },
        "node_modules/v8-compile-cache-lib": {
            "version": "3.0.1",
            "dev": true,
            "license": "MIT"
        },
        "node_modules/yn": {
            "version": "3.1.1",
            "dev": true,
            "license": "MIT",
            "engines": {
                "node": ">=6"
            }
        }
    }
}
